
Microsoft Visual Studio Solution File, Format Version 12.00
# Visual Studio Version 17
VisualStudioVersion = 17.14.36414.22 d17.14
MinimumVisualStudioVersion = 10.0.40219.1
Project("{FAE04EC0-301F-11D3-BF4B-00C04F79EFBC}") = "5BTECHF", "5BTECHF.csproj", "{6AD7C03F-B371-498B-8E0A-0E0860A0EBC5}"
EndProject
Global
	GlobalSection(SolutionConfigurationPlatforms) = preSolution
		Debug|Any CPU = Debug|Any CPU
		Release|Any CPU = Release|Any CPU
	EndGlobalSection
	GlobalSection(ProjectConfigurationPlatforms) = postSolution
		{6AD7C03F-B371-498B-8E0A-0E0860A0EBC5}.Debug|Any CPU.ActiveCfg = Debug|Any CPU
		{6AD7C03F-B371-498B-8E0A-0E0860A0EBC5}.Debug|Any CPU.Build.0 = Debug|Any CPU
		{6AD7C03F-B371-498B-8E0A-0E0860A0EBC5}.Release|Any CPU.ActiveCfg = Release|Any CPU
		{6AD7C03F-B371-498B-8E0A-0E0860A0EBC5}.Release|Any CPU.Build.0 = Release|Any CPU
	EndGlobalSection
	GlobalSection(SolutionProperties) = preSolution
		HideSolutionNode = FALSE
	EndGlobalSection
	GlobalSection(ExtensibilityGlobals) = postSolution
		SolutionGuid = {68D9B451-5973-4B9D-903D-B4C6728ACEE1}
	EndGlobalSection
EndGlobal
